
Microsoft Visual Studio Solution File, Format Version 12.00
# Visual Studio Version 16
VisualStudioVersion = 16.0.30011.22
MinimumVisualStudioVersion = 10.0.40219.1
Project("{2150E333-8FDC-42A3-9474-1A3956D46DE8}") = "src", "src", "{A2A471FF-E85A-448D-83BF-7F8D5FD56FEE}"
EndProject
Project("{2150E333-8FDC-42A3-9474-1A3956D46DE8}") = "tests", "tests", "{395A19A4-8606-426C-9609-091CBD897168}"
EndProject
Project("{9A19103F-16F7-4668-BE54-9A1E7A4F7556}") = "RunIt.Business.Abstractions", "src\Business.Abstractions\RunIt.Business.Abstractions.csproj", "{33D5606C-6303-4E26-B553-3A9C93F364DC}"
EndProject
Project("{9A19103F-16F7-4668-BE54-9A1E7A4F7556}") = "RunIt.Business.Worker", "src\Business.Worker\RunIt.Business.Worker.csproj", "{4FF323D8-966A-41BE-9451-59540365473F}"
EndProject
Project("{9A19103F-16F7-4668-BE54-9A1E7A4F7556}") = "RunIt.DataLayer", "src\DataLayer\RunIt.DataLayer.csproj", "{C2C5FD5E-5A4D-4478-B1A4-3D1CB99C1FDB}"
EndProject
Project("{9A19103F-16F7-4668-BE54-9A1E7A4F7556}") = "RunIt.Web.Api", "src\Web.Api\RunIt.Web.Api.csproj", "{7D981B82-0512-4BF0-911B-9C3B275F5B0A}"
EndProject
Project("{9A19103F-16F7-4668-BE54-9A1E7A4F7556}") = "RunIt.Web.Api.Library", "src\Web.Api.Library\RunIt.Web.Api.Library.csproj", "{12BF8AAA-56F7-4BF0-B75F-125FBC3EECB7}"
EndProject
Project("{9A19103F-16F7-4668-BE54-9A1E7A4F7556}") = "RunIt.Business.Worker.Tests", "tests\Business.Worker.Tests\RunIt.Business.Worker.Tests.csproj", "{8474347F-4B54-41D4-9717-62B612EF376C}"
EndProject
Project("{9A19103F-16F7-4668-BE54-9A1E7A4F7556}") = "RunIt.DataLayer.Tests", "tests\DataLayer.Tests\RunIt.DataLayer.Tests.csproj", "{BA1D3B83-4078-4741-A942-02FDC5629D90}"
EndProject
Project("{9A19103F-16F7-4668-BE54-9A1E7A4F7556}") = "RunIt.IntegrationTests", "tests\IntegrationTests\RunIt.IntegrationTests.csproj", "{569531A6-B744-4F95-87CB-CD631614EFC1}"
EndProject
Project("{9A19103F-16F7-4668-BE54-9A1E7A4F7556}") = "RunIt.Web.Api.Library.Tests", "tests\Web.Api.Library.Tests\RunIt.Web.Api.Library.Tests.csproj", "{F0B1588C-89E1-4758-987B-2D3017EA9518}"
EndProject
Global
	GlobalSection(SolutionConfigurationPlatforms) = preSolution
		Debug|Any CPU = Debug|Any CPU
		Release|Any CPU = Release|Any CPU
	EndGlobalSection
	GlobalSection(ProjectConfigurationPlatforms) = postSolution
		{33D5606C-6303-4E26-B553-3A9C93F364DC}.Debug|Any CPU.ActiveCfg = Debug|Any CPU
		{33D5606C-6303-4E26-B553-3A9C93F364DC}.Debug|Any CPU.Build.0 = Debug|Any CPU
		{33D5606C-6303-4E26-B553-3A9C93F364DC}.Release|Any CPU.ActiveCfg = Release|Any CPU
		{33D5606C-6303-4E26-B553-3A9C93F364DC}.Release|Any CPU.Build.0 = Release|Any CPU
		{4FF323D8-966A-41BE-9451-59540365473F}.Debug|Any CPU.ActiveCfg = Debug|Any CPU
		{4FF323D8-966A-41BE-9451-59540365473F}.Debug|Any CPU.Build.0 = Debug|Any CPU
		{4FF323D8-966A-41BE-9451-59540365473F}.Release|Any CPU.ActiveCfg = Release|Any CPU
		{4FF323D8-966A-41BE-9451-59540365473F}.Release|Any CPU.Build.0 = Release|Any CPU
		{C2C5FD5E-5A4D-4478-B1A4-3D1CB99C1FDB}.Debug|Any CPU.ActiveCfg = Debug|Any CPU
		{C2C5FD5E-5A4D-4478-B1A4-3D1CB99C1FDB}.Debug|Any CPU.Build.0 = Debug|Any CPU
		{C2C5FD5E-5A4D-4478-B1A4-3D1CB99C1FDB}.Release|Any CPU.ActiveCfg = Release|Any CPU
		{C2C5FD5E-5A4D-4478-B1A4-3D1CB99C1FDB}.Release|Any CPU.Build.0 = Release|Any CPU
		{7D981B82-0512-4BF0-911B-9C3B275F5B0A}.Debug|Any CPU.ActiveCfg = Debug|Any CPU
		{7D981B82-0512-4BF0-911B-9C3B275F5B0A}.Debug|Any CPU.Build.0 = Debug|Any CPU
		{7D981B82-0512-4BF0-911B-9C3B275F5B0A}.Release|Any CPU.ActiveCfg = Release|Any CPU
		{7D981B82-0512-4BF0-911B-9C3B275F5B0A}.Release|Any CPU.Build.0 = Release|Any CPU
		{12BF8AAA-56F7-4BF0-B75F-125FBC3EECB7}.Debug|Any CPU.ActiveCfg = Debug|Any CPU
		{12BF8AAA-56F7-4BF0-B75F-125FBC3EECB7}.Debug|Any CPU.Build.0 = Debug|Any CPU
		{12BF8AAA-56F7-4BF0-B75F-125FBC3EECB7}.Release|Any CPU.ActiveCfg = Release|Any CPU
		{12BF8AAA-56F7-4BF0-B75F-125FBC3EECB7}.Release|Any CPU.Build.0 = Release|Any CPU
		{8474347F-4B54-41D4-9717-62B612EF376C}.Debug|Any CPU.ActiveCfg = Debug|Any CPU
		{8474347F-4B54-41D4-9717-62B612EF376C}.Debug|Any CPU.Build.0 = Debug|Any CPU
		{8474347F-4B54-41D4-9717-62B612EF376C}.Release|Any CPU.ActiveCfg = Release|Any CPU
		{8474347F-4B54-41D4-9717-62B612EF376C}.Release|Any CPU.Build.0 = Release|Any CPU
		{BA1D3B83-4078-4741-A942-02FDC5629D90}.Debug|Any CPU.ActiveCfg = Debug|Any CPU
		{BA1D3B83-4078-4741-A942-02FDC5629D90}.Debug|Any CPU.Build.0 = Debug|Any CPU
		{BA1D3B83-4078-4741-A942-02FDC5629D90}.Release|Any CPU.ActiveCfg = Release|Any CPU
		{BA1D3B83-4078-4741-A942-02FDC5629D90}.Release|Any CPU.Build.0 = Release|Any CPU
		{569531A6-B744-4F95-87CB-CD631614EFC1}.Debug|Any CPU.ActiveCfg = Debug|Any CPU
		{569531A6-B744-4F95-87CB-CD631614EFC1}.Debug|Any CPU.Build.0 = Debug|Any CPU
		{569531A6-B744-4F95-87CB-CD631614EFC1}.Release|Any CPU.ActiveCfg = Release|Any CPU
		{569531A6-B744-4F95-87CB-CD631614EFC1}.Release|Any CPU.Build.0 = Release|Any CPU
		{F0B1588C-89E1-4758-987B-2D3017EA9518}.Debug|Any CPU.ActiveCfg = Debug|Any CPU
		{F0B1588C-89E1-4758-987B-2D3017EA9518}.Debug|Any CPU.Build.0 = Debug|Any CPU
		{F0B1588C-89E1-4758-987B-2D3017EA9518}.Release|Any CPU.ActiveCfg = Release|Any CPU
		{F0B1588C-89E1-4758-987B-2D3017EA9518}.Release|Any CPU.Build.0 = Release|Any CPU
	EndGlobalSection
	GlobalSection(SolutionProperties) = preSolution
		HideSolutionNode = FALSE
	EndGlobalSection
	GlobalSection(NestedProjects) = preSolution
		{33D5606C-6303-4E26-B553-3A9C93F364DC} = {A2A471FF-E85A-448D-83BF-7F8D5FD56FEE}
		{4FF323D8-966A-41BE-9451-59540365473F} = {A2A471FF-E85A-448D-83BF-7F8D5FD56FEE}
		{C2C5FD5E-5A4D-4478-B1A4-3D1CB99C1FDB} = {A2A471FF-E85A-448D-83BF-7F8D5FD56FEE}
		{7D981B82-0512-4BF0-911B-9C3B275F5B0A} = {A2A471FF-E85A-448D-83BF-7F8D5FD56FEE}
		{12BF8AAA-56F7-4BF0-B75F-125FBC3EECB7} = {A2A471FF-E85A-448D-83BF-7F8D5FD56FEE}
		{8474347F-4B54-41D4-9717-62B612EF376C} = {395A19A4-8606-426C-9609-091CBD897168}
		{BA1D3B83-4078-4741-A942-02FDC5629D90} = {395A19A4-8606-426C-9609-091CBD897168}
		{569531A6-B744-4F95-87CB-CD631614EFC1} = {395A19A4-8606-426C-9609-091CBD897168}
		{F0B1588C-89E1-4758-987B-2D3017EA9518} = {395A19A4-8606-426C-9609-091CBD897168}
	EndGlobalSection
	GlobalSection(ExtensibilityGlobals) = postSolution
		SolutionGuid = {23A67D19-0F02-4C61-A040-8E7C2E07D0D7}
	EndGlobalSection
EndGlobal
